{
  "dependencies": {
    "log4js": {
      "version": "0.6.7",
      "dependencies": {
        "async": {
          "version": "0.1.15"
        },
        "dequeue": {
          "version": "1.0.3"
        },
        "semver": {
          "version": "1.1.4"
        },
        "readable-stream": {
          "version": "1.0.17"
        }
      }
    }
  }
}
